// !$*UTF8*$!
{
	archiveVersion = 1;
	classes = {
	};
	objectVersion = 48;
	objects = {

/* Begin PBXBuildFile section */
		EA6B5F8B1FAAFEEA002FDB2E /* InteractiveNavigationController.swift in Sources */ = {isa = PBXBuildFile; fileRef = EA6B5F8A1FAAFEEA002FDB2E /* InteractiveNavigationController.swift */; };
		EA6B5F8D1FAB0074002FDB2E /* InteractivePopViewAnimator.swift in Sources */ = {isa = PBXBuildFile; fileRef = EA6B5F8C1FAB0074002FDB2E /* InteractivePopViewAnimator.swift */; };
		EAD4D4A91FAAE34C00109CD5 /* AppDelegate.swift in Sources */ = {isa = PBXBuildFile; fileRef = EAD4D4A81FAAE34C00109CD5 /* AppDelegate.swift */; };
		EAD4D4AB1FAAE34C00109CD5 /* ViewController.swift in Sources */ = {isa = PBXBuildFile; fileRef = EAD4D4AA1FAAE34C00109CD5 /* ViewController.swift */; };
		EAD4D4AE1FAAE34C00109CD5 /* Main.storyboard in Resources */ = {isa = PBXBuildFile; fileRef = EAD4D4AC1FAAE34C00109CD5 /* Main.storyboard */; };
		EAD4D4B01FAAE34C00109CD5 /* Assets.xcassets in Resources */ = {isa = PBXBuildFile; fileRef = EAD4D4AF1FAAE34C00109CD5 /* Assets.xcassets */; };
		EAD4D4B31FAAE34C00109CD5 /* LaunchScreen.storyboard in Resources */ = {isa = PBXBuildFile; fileRef = EAD4D4B11FAAE34C00109CD5 /* LaunchScreen.storyboard */; };
		EAD4D4BE1FAAE34C00109CD5 /* InteractivePopVIewContraollerTests.swift in Sources */ = {isa = PBXBuildFile; fileRef = EAD4D4BD1FAAE34C00109CD5 /* InteractivePopVIewContraollerTests.swift */; };
		EAD4D4C91FAAE3BA00109CD5 /* InteractivePopGestureRecognizer.swift in Sources */ = {isa = PBXBuildFile; fileRef = EAD4D4C81FAAE3BA00109CD5 /* InteractivePopGestureRecognizer.swift */; };
		EAD6B2751FB1B9620005B8C2 /* UIView+LeftSideShadow.swift in Sources */ = {isa = PBXBuildFile; fileRef = EAD6B2741FB1B9620005B8C2 /* UIView+LeftSideShadow.swift */; };
/* End PBXBuildFile section */

/* Begin PBXContainerItemProxy section */
		EAD4D4BA1FAAE34C00109CD5 /* PBXContainerItemProxy */ = {
			isa = PBXContainerItemProxy;
			containerPortal = EAD4D49D1FAAE34B00109CD5 /* Project object */;
			proxyType = 1;
			remoteGlobalIDString = EAD4D4A41FAAE34B00109CD5;
			remoteInfo = InteractivePopVIewContraoller;
		};
/* End PBXContainerItemProxy section */

/* Begin PBXFileReference section */
		EA6B5F8A1FAAFEEA002FDB2E /* InteractiveNavigationController.swift */ = {isa = PBXFileReference; lastKnownFileType = sourcecode.swift; path = InteractiveNavigationController.swift; sourceTree = "<group>"; };
		EA6B5F8C1FAB0074002FDB2E /* InteractivePopViewAnimator.swift */ = {isa = PBXFileReference; lastKnownFileType = sourcecode.swift; path = InteractivePopViewAnimator.swift; sourceTree = "<group>"; };
		EAD4D4A51FAAE34B00109CD5 /* InteractivePopVIewContraoller.app */ = {isa = PBXFileReference; explicitFileType = wrapper.application; includeInIndex = 0; path = InteractivePopVIewContraoller.app; sourceTree = BUILT_PRODUCTS_DIR; };
		EAD4D4A81FAAE34C00109CD5 /* AppDelegate.swift */ = {isa = PBXFileReference; lastKnownFileType = sourcecode.swift; path = AppDelegate.swift; sourceTree = "<group>"; };
		EAD4D4AA1FAAE34C00109CD5 /* ViewController.swift */ = {isa = PBXFileReference; lastKnownFileType = sourcecode.swift; path = ViewController.swift; sourceTree = "<group>"; };
		EAD4D4AD1FAAE34C00109CD5 /* Base */ = {isa = PBXFileReference; lastKnownFileType = file.storyboard; name = Base; path = Base.lproj/Main.storyboard; sourceTree = "<group>"; };
		EAD4D4AF1FAAE34C00109CD5 /* Assets.xcassets */ = {isa = PBXFileReference; lastKnownFileType = folder.assetcatalog; path = Assets.xcassets; sourceTree = "<group>"; };
		EAD4D4B21FAAE34C00109CD5 /* Base */ = {isa = PBXFileReference; lastKnownFileType = file.storyboard; name = Base; path = Base.lproj/LaunchScreen.storyboard; sourceTree = "<group>"; };
		EAD4D4B41FAAE34C00109CD5 /* Info.plist */ = {isa = PBXFileReference; lastKnownFileType = text.plist.xml; path = Info.plist; sourceTree = "<group>"; };
		EAD4D4B91FAAE34C00109CD5 /* InteractivePopVIewContraollerTests.xctest */ = {isa = PBXFileReference; explicitFileType = wrapper.cfbundle; includeInIndex = 0; path = InteractivePopVIewContraollerTests.xctest; sourceTree = BUILT_PRODUCTS_DIR; };
		EAD4D4BD1FAAE34C00109CD5 /* InteractivePopVIewContraollerTests.swift */ = {isa = PBXFileReference; lastKnownFileType = sourcecode.swift; path = InteractivePopVIewContraollerTests.swift; sourceTree = "<group>"; };
		EAD4D4BF1FAAE34C00109CD5 /* Info.plist */ = {isa = PBXFileReference; lastKnownFileType = text.plist.xml; path = Info.plist; sourceTree = "<group>"; };
		EAD4D4C81FAAE3BA00109CD5 /* InteractivePopGestureRecognizer.swift */ = {isa = PBXFileReference; lastKnownFileType = sourcecode.swift; path = InteractivePopGestureRecognizer.swift; sourceTree = "<group>"; };
		EAD6B2741FB1B9620005B8C2 /* UIView+LeftSideShadow.swift */ = {isa = PBXFileReference; lastKnownFileType = sourcecode.swift; path = "UIView+LeftSideShadow.swift"; sourceTree = "<group>"; };
/* End PBXFileReference section */

/* Begin PBXFrameworksBuildPhase section */
		EAD4D4A21FAAE34B00109CD5 /* Frameworks */ = {
			isa = PBXFrameworksBuildPhase;
			buildActionMask = 2147483647;
			files = (
			);
			runOnlyForDeploymentPostprocessing = 0;
		};
		EAD4D4B61FAAE34C00109CD5 /* Frameworks */ = {
			isa = PBXFrameworksBuildPhase;
			buildActionMask = 2147483647;
			files = (
			);
			runOnlyForDeploymentPostprocessing = 0;
		};
/* End PBXFrameworksBuildPhase section */

/* Begin PBXGroup section */
		EAD4D49C1FAAE34B00109CD5 = {
			isa = PBXGroup;
			children = (
				EAD4D4A71FAAE34B00109CD5 /* InteractivePopVIewContraoller */,
				EAD4D4BC1FAAE34C00109CD5 /* InteractivePopVIewContraollerTests */,
				EAD4D4A61FAAE34B00109CD5 /* Products */,
			);
			sourceTree = "<group>";
		};
		EAD4D4A61FAAE34B00109CD5 /* Products */ = {
			isa = PBXGroup;
			children = (
				EAD4D4A51FAAE34B00109CD5 /* InteractivePopVIewContraoller.app */,
				EAD4D4B91FAAE34C00109CD5 /* InteractivePopVIewContraollerTests.xctest */,
			);
			name = Products;
			sourceTree = "<group>";
		};
		EAD4D4A71FAAE34B00109CD5 /* InteractivePopVIewContraoller */ = {
			isa = PBXGroup;
			children = (
				EAD4D4A81FAAE34C00109CD5 /* AppDelegate.swift */,
				EAD4D4AA1FAAE34C00109CD5 /* ViewController.swift */,
				EAD4D4C81FAAE3BA00109CD5 /* InteractivePopGestureRecognizer.swift */,
				EA6B5F8A1FAAFEEA002FDB2E /* InteractiveNavigationController.swift */,
				EA6B5F8C1FAB0074002FDB2E /* InteractivePopViewAnimator.swift */,
				EAD6B2741FB1B9620005B8C2 /* UIView+LeftSideShadow.swift */,
				EAD4D4AC1FAAE34C00109CD5 /* Main.storyboard */,
				EAD4D4AF1FAAE34C00109CD5 /* Assets.xcassets */,
				EAD4D4B11FAAE34C00109CD5 /* LaunchScreen.storyboard */,
				EAD4D4B41FAAE34C00109CD5 /* Info.plist */,
			);
			path = InteractivePopVIewContraoller;
			sourceTree = "<group>";
		};
		EAD4D4BC1FAAE34C00109CD5 /* InteractivePopVIewContraollerTests */ = {
			isa = PBXGroup;
			children = (
				EAD4D4BD1FAAE34C00109CD5 /* InteractivePopVIewContraollerTests.swift */,
				EAD4D4BF1FAAE34C00109CD5 /* Info.plist */,
			);
			path = InteractivePopVIewContraollerTests;
			sourceTree = "<group>";
		};
/* End PBXGroup section */

/* Begin PBXNativeTarget section */
		EAD4D4A41FAAE34B00109CD5 /* InteractivePopVIewContraoller */ = {
			isa = PBXNativeTarget;
			buildConfigurationList = EAD4D4C21FAAE34C00109CD5 /* Build configuration list for PBXNativeTarget "InteractivePopVIewContraoller" */;
			buildPhases = (
				EAD4D4A11FAAE34B00109CD5 /* Sources */,
				EAD4D4A21FAAE34B00109CD5 /* Frameworks */,
				EAD4D4A31FAAE34B00109CD5 /* Resources */,
			);
			buildRules = (
			);
			dependencies = (
			);
			name = InteractivePopVIewContraoller;
			productName = InteractivePopVIewContraoller;
			productReference = EAD4D4A51FAAE34B00109CD5 /* InteractivePopVIewContraoller.app */;
			productType = "com.apple.product-type.application";
		};
		EAD4D4B81FAAE34C00109CD5 /* InteractivePopVIewContraollerTests */ = {
			isa = PBXNativeTarget;
			buildConfigurationList = EAD4D4C51FAAE34C00109CD5 /* Build configuration list for PBXNativeTarget "InteractivePopVIewContraollerTests" */;
			buildPhases = (
				EAD4D4B51FAAE34C00109CD5 /* Sources */,
				EAD4D4B61FAAE34C00109CD5 /* Frameworks */,
				EAD4D4B71FAAE34C00109CD5 /* Resources */,
			);
			buildRules = (
			);
			dependencies = (
				EAD4D4BB1FAAE34C00109CD5 /* PBXTargetDependency */,
			);
			name = InteractivePopVIewContraollerTests;
			productName = InteractivePopVIewContraollerTests;
			productReference = EAD4D4B91FAAE34C00109CD5 /* InteractivePopVIewContraollerTests.xctest */;
			productType = "com.apple.product-type.bundle.unit-test";
		};
/* End PBXNativeTarget section */

/* Begin PBXProject section */
		EAD4D49D1FAAE34B00109CD5 /* Project object */ = {
			isa = PBXProject;
			attributes = {
				LastSwiftUpdateCheck = 0900;
				LastUpgradeCheck = 0900;
				ORGANIZATIONNAME = "Khemmachart Chutapetch";
				TargetAttributes = {
					EAD4D4A41FAAE34B00109CD5 = {
						CreatedOnToolsVersion = 9.0;
						ProvisioningStyle = Automatic;
					};
					EAD4D4B81FAAE34C00109CD5 = {
						CreatedOnToolsVersion = 9.0;
						ProvisioningStyle = Automatic;
						TestTargetID = EAD4D4A41FAAE34B00109CD5;
					};
				};
			};
			buildConfigurationList = EAD4D4A01FAAE34B00109CD5 /* Build configuration list for PBXProject "InteractivePopVIewContraoller" */;
			compatibilityVersion = "Xcode 8.0";
			developmentRegion = en;
			hasScannedForEncodings = 0;
			knownRegions = (
				en,
				Base,
			);
			mainGroup = EAD4D49C1FAAE34B00109CD5;
			productRefGroup = EAD4D4A61FAAE34B00109CD5 /* Products */;
			projectDirPath = "";
			projectRoot = "";
			targets = (
				EAD4D4A41FAAE34B00109CD5 /* InteractivePopVIewContraoller */,
				EAD4D4B81FAAE34C00109CD5 /* InteractivePopVIewContraollerTests */,
			);
		};
/* End PBXProject section */

/* Begin PBXResourcesBuildPhase section */
		EAD4D4A31FAAE34B00109CD5 /* Resources */ = {
			isa = PBXResourcesBuildPhase;
			buildActionMask = 2147483647;
			files = (
				EAD4D4B31FAAE34C00109CD5 /* LaunchScreen.storyboard in Resources */,
				EAD4D4B01FAAE34C00109CD5 /* Assets.xcassets in Resources */,
				EAD4D4AE1FAAE34C00109CD5 /* Main.storyboard in Resources */,
			);
			runOnlyForDeploymentPostprocessing = 0;
		};
		EAD4D4B71FAAE34C00109CD5 /* Resources */ = {
			isa = PBXResourcesBuildPhase;
			buildActionMask = 2147483647;
			files = (
			);
			runOnlyForDeploymentPostprocessing = 0;
		};
/* End PBXResourcesBuildPhase section */

/* Begin PBXSourcesBuildPhase section */
		EAD4D4A11FAAE34B00109CD5 /* Sources */ = {
			isa = PBXSourcesBuildPhase;
			buildActionMask = 2147483647;
			files = (
				EAD6B2751FB1B9620005B8C2 /* UIView+LeftSideShadow.swift in Sources */,
				EA6B5F8D1FAB0074002FDB2E /* InteractivePopViewAnimator.swift in Sources */,
				EAD4D4C91FAAE3BA00109CD5 /* InteractivePopGestureRecognizer.swift in Sources */,
				EAD4D4AB1FAAE34C00109CD5 /* ViewController.swift in Sources */,
				EA6B5F8B1FAAFEEA002FDB2E /* InteractiveNavigationController.swift in Sources */,
				EAD4D4A91FAAE34C00109CD5 /* AppDelegate.swift in Sources */,
			);
			runOnlyForDeploymentPostprocessing = 0;
		};
		EAD4D4B51FAAE34C00109CD5 /* Sources */ = {
			isa = PBXSourcesBuildPhase;
			buildActionMask = 2147483647;
			files = (
				EAD4D4BE1FAAE34C00109CD5 /* InteractivePopVIewContraollerTests.swift in Sources */,
			);
			runOnlyForDeploymentPostprocessing = 0;
		};
/* End PBXSourcesBuildPhase section */

/* Begin PBXTargetDependency section */
		EAD4D4BB1FAAE34C00109CD5 /* PBXTargetDependency */ = {
			isa = PBXTargetDependency;
			target = EAD4D4A41FAAE34B00109CD5 /* InteractivePopVIewContraoller */;
			targetProxy = EAD4D4BA1FAAE34C00109CD5 /* PBXContainerItemProxy */;
		};
/* End PBXTargetDependency section */

/* Begin PBXVariantGroup section */
		EAD4D4AC1FAAE34C00109CD5 /* Main.storyboard */ = {
			isa = PBXVariantGroup;
			children = (
				EAD4D4AD1FAAE34C00109CD5 /* Base */,
			);
			name = Main.storyboard;
			sourceTree = "<group>";
		};
		EAD4D4B11FAAE34C00109CD5 /* LaunchScreen.storyboard */ = {
			isa = PBXVariantGroup;
			children = (
				EAD4D4B21FAAE34C00109CD5 /* Base */,
			);
			name = LaunchScreen.storyboard;
			sourceTree = "<group>";
		};
/* End PBXVariantGroup section */

/* Begin XCBuildConfiguration section */
		EAD4D4C01FAAE34C00109CD5 /* Debug */ = {
			isa = XCBuildConfiguration;
			buildSettings = {
				ALWAYS_SEARCH_USER_PATHS = NO;
				CLANG_ANALYZER_NONNULL = YES;
				CLANG_ANALYZER_NUMBER_OBJECT_CONVERSION = YES_AGGRESSIVE;
				CLANG_CXX_LANGUAGE_STANDARD = "gnu++14";
				CLANG_CXX_LIBRARY = "libc++";
				CLANG_ENABLE_MODULES = YES;
				CLANG_ENABLE_OBJC_ARC = YES;
				CLANG_WARN_BLOCK_CAPTURE_AUTORELEASING = YES;
				CLANG_WARN_BOOL_CONVERSION = YES;
				CLANG_WARN_COMMA = YES;
				CLANG_WARN_CONSTANT_CONVERSION = YES;
				CLANG_WARN_DIRECT_OBJC_ISA_USAGE = YES_ERROR;
				CLANG_WARN_DOCUMENTATION_COMMENTS = YES;
				CLANG_WARN_EMPTY_BODY = YES;
				CLANG_WARN_ENUM_CONVERSION = YES;
				CLANG_WARN_INFINITE_RECURSION = YES;
				CLANG_WARN_INT_CONVERSION = YES;
				CLANG_WARN_NON_LITERAL_NULL_CONVERSION = YES;
				CLANG_WARN_OBJC_LITERAL_CONVERSION = YES;
				CLANG_WARN_OBJC_ROOT_CLASS = YES_ERROR;
				CLANG_WARN_RANGE_LOOP_ANALYSIS = YES;
				CLANG_WARN_STRICT_PROTOTYPES = YES;
				CLANG_WARN_SUSPICIOUS_MOVE = YES;
				CLANG_WARN_UNGUARDED_AVAILABILITY = YES_AGGRESSIVE;
				CLANG_WARN_UNREACHABLE_CODE = YES;
				CLANG_WARN__DUPLICATE_METHOD_MATCH = YES;
				CODE_SIGN_IDENTITY = "iPhone Developer";
				COPY_PHASE_STRIP = NO;
				DEBUG_INFORMATION_FORMAT = dwarf;
				ENABLE_STRICT_OBJC_MSGSEND = YES;
				ENABLE_TESTABILITY = YES;
				GCC_C_LANGUAGE_STANDARD = gnu11;
				GCC_DYNAMIC_NO_PIC = NO;
				GCC_NO_COMMON_BLOCKS = YES;
				GCC_OPTIMIZATION_LEVEL = 0;
				GCC_PREPROCESSOR_DEFINITIONS = (
					"DEBUG=1",
					"$(inherited)",
				);
				GCC_WARN_64_TO_32_BIT_CONVERSION = YES;
				GCC_WARN_ABOUT_RETURN_TYPE = YES_ERROR;
				GCC_WARN_UNDECLARED_SELECTOR = YES;
				GCC_WARN_UNINITIALIZED_AUTOS = YES_AGGRESSIVE;
				GCC_WARN_UNUSED_FUNCTION = YES;
				GCC_WARN_UNUSED_VARIABLE = YES;
				IPHONEOS_DEPLOYMENT_TARGET = 11.0;
				MTL_ENABLE_DEBUG_INFO = YES;
				ONLY_ACTIVE_ARCH = YES;
				SDKROOT = iphoneos;
				SWIFT_ACTIVE_COMPILATION_CONDITIONS = DEBUG;
				SWIFT_OPTIMIZATION_LEVEL = "-Onone";
			};
			name = Debug;
		};
		EAD4D4C11FAAE34C00109CD5 /* Release */ = {
			isa = XCBuildConfiguration;
			buildSettings = {
				ALWAYS_SEARCH_USER_PATHS = NO;
				CLANG_ANALYZER_NONNULL = YES;
				CLANG_ANALYZER_NUMBER_OBJECT_CONVERSION = YES_AGGRESSIVE;
				CLANG_CXX_LANGUAGE_STANDARD = "gnu++14";
				CLANG_CXX_LIBRARY = "libc++";
				CLANG_ENABLE_MODULES = YES;
				CLANG_ENABLE_OBJC_ARC = YES;
				CLANG_WARN_BLOCK_CAPTURE_AUTORELEASING = YES;
				CLANG_WARN_BOOL_CONVERSION = YES;
				CLANG_WARN_COMMA = YES;
				CLANG_WARN_CONSTANT_CONVERSION = YES;
				CLANG_WARN_DIRECT_OBJC_ISA_USAGE = YES_ERROR;
				CLANG_WARN_DOCUMENTATION_COMMENTS = YES;
				CLANG_WARN_EMPTY_BODY = YES;
				CLANG_WARN_ENUM_CONVERSION = YES;
				CLANG_WARN_INFINITE_RECURSION = YES;
				CLANG_WARN_INT_CONVERSION = YES;
				CLANG_WARN_NON_LITERAL_NULL_CONVERSION = YES;
				CLANG_WARN_OBJC_LITERAL_CONVERSION = YES;
				CLANG_WARN_OBJC_ROOT_CLASS = YES_ERROR;
				CLANG_WARN_RANGE_LOOP_ANALYSIS = YES;
				CLANG_WARN_STRICT_PROTOTYPES = YES;
				CLANG_WARN_SUSPICIOUS_MOVE = YES;
				CLANG_WARN_UNGUARDED_AVAILABILITY = YES_AGGRESSIVE;
				CLANG_WARN_UNREACHABLE_CODE = YES;
				CLANG_WARN__DUPLICATE_METHOD_MATCH = YES;
				CODE_SIGN_IDENTITY = "iPhone Developer";
				COPY_PHASE_STRIP = NO;
				DEBUG_INFORMATION_FORMAT = "dwarf-with-dsym";
				ENABLE_NS_ASSERTIONS = NO;
				ENABLE_STRICT_OBJC_MSGSEND = YES;
				GCC_C_LANGUAGE_STANDARD = gnu11;
				GCC_NO_COMMON_BLOCKS = YES;
				GCC_WARN_64_TO_32_BIT_CONVERSION = YES;
				GCC_WARN_ABOUT_RETURN_TYPE = YES_ERROR;
				GCC_WARN_UNDECLARED_SELECTOR = YES;
				GCC_WARN_UNINITIALIZED_AUTOS = YES_AGGRESSIVE;
				GCC_WARN_UNUSED_FUNCTION = YES;
				GCC_WARN_UNUSED_VARIABLE = YES;
				IPHONEOS_DEPLOYMENT_TARGET = 11.0;
				MTL_ENABLE_DEBUG_INFO = NO;
				SDKROOT = iphoneos;
				SWIFT_OPTIMIZATION_LEVEL = "-Owholemodule";
				VALIDATE_PRODUCT = YES;
			};
			name = Release;
		};
		EAD4D4C31FAAE34C00109CD5 /* Debug */ = {
			isa = XCBuildConfiguration;
			buildSettings = {
				ASSETCATALOG_COMPILER_APPICON_NAME = AppIcon;
				CODE_SIGN_STYLE = Automatic;
				DEVELOPMENT_TEAM = DN558GKMYD;
				INFOPLIST_FILE = InteractivePopVIewContraoller/Info.plist;
				IPHONEOS_DEPLOYMENT_TARGET = 10.0;
				LD_RUNPATH_SEARCH_PATHS = "$(inherited) @executable_path/Frameworks";
				PRODUCT_BUNDLE_IDENTIFIER = com.khemmachart.InteractivePopVIewContraoller;
				PRODUCT_NAME = "$(TARGET_NAME)";
				SWIFT_VERSION = 4.0;
				TARGETED_DEVICE_FAMILY = "1,2";
			};
			name = Debug;
		};
		EAD4D4C41FAAE34C00109CD5 /* Release */ = {
			isa = XCBuildConfiguration;
			buildSettings = {
				ASSETCATALOG_COMPILER_APPICON_NAME = AppIcon;
				CODE_SIGN_STYLE = Automatic;
				DEVELOPMENT_TEAM = DN558GKMYD;
				INFOPLIST_FILE = InteractivePopVIewContraoller/Info.plist;
				IPHONEOS_DEPLOYMENT_TARGET = 10.0;
				LD_RUNPATH_SEARCH_PATHS = "$(inherited) @executable_path/Frameworks";
				PRODUCT_BUNDLE_IDENTIFIER = com.khemmachart.InteractivePopVIewContraoller;
				PRODUCT_NAME = "$(TARGET_NAME)";
				SWIFT_VERSION = 4.0;
				TARGETED_DEVICE_FAMILY = "1,2";
			};
			name = Release;
		};
		EAD4D4C61FAAE34C00109CD5 /* Debug */ = {
			isa = XCBuildConfiguration;
			buildSettings = {
				ALWAYS_EMBED_SWIFT_STANDARD_LIBRARIES = YES;
				BUNDLE_LOADER = "$(TEST_HOST)";
				CODE_SIGN_STYLE = Automatic;
				INFOPLIST_FILE = InteractivePopVIewContraollerTests/Info.plist;
				LD_RUNPATH_SEARCH_PATHS = "$(inherited) @executable_path/Frameworks @loader_path/Frameworks";
				PRODUCT_BUNDLE_IDENTIFIER = com.khemmachart.InteractivePopVIewContraollerTests;
				PRODUCT_NAME = "$(TARGET_NAME)";
				SWIFT_VERSION = 4.0;
				TARGETED_DEVICE_FAMILY = "1,2";
				TEST_HOST = "$(BUILT_PRODUCTS_DIR)/InteractivePopVIewContraoller.app/InteractivePopVIewContraoller";
			};
			name = Debug;
		};
		EAD4D4C71FAAE34C00109CD5 /* Release */ = {
			isa = XCBuildConfiguration;
			buildSettings = {
				ALWAYS_EMBED_SWIFT_STANDARD_LIBRARIES = YES;
				BUNDLE_LOADER = "$(TEST_HOST)";
				CODE_SIGN_STYLE = Automatic;
				INFOPLIST_FILE = InteractivePopVIewContraollerTests/Info.plist;
				LD_RUNPATH_SEARCH_PATHS = "$(inherited) @executable_path/Frameworks @loader_path/Frameworks";
				PRODUCT_BUNDLE_IDENTIFIER = com.khemmachart.InteractivePopVIewContraollerTests;
				PRODUCT_NAME = "$(TARGET_NAME)";
				SWIFT_VERSION = 4.0;
				TARGETED_DEVICE_FAMILY = "1,2";
				TEST_HOST = "$(BUILT_PRODUCTS_DIR)/InteractivePopVIewContraoller.app/InteractivePopVIewContraoller";
			};
			name = Release;
		};
/* End XCBuildConfiguration section */

/* Begin XCConfigurationList section */
		EAD4D4A01FAAE34B00109CD5 /* Build configuration list for PBXProject "InteractivePopVIewContraoller" */ = {
			isa = XCConfigurationList;
			buildConfigurations = (
				EAD4D4C01FAAE34C00109CD5 /* Debug */,
				EAD4D4C11FAAE34C00109CD5 /* Release */,
			);
			defaultConfigurationIsVisible = 0;
			defaultConfigurationName = Release;
		};
		EAD4D4C21FAAE34C00109CD5 /* Build configuration list for PBXNativeTarget "InteractivePopVIewContraoller" */ = {
			isa = XCConfigurationList;
			buildConfigurations = (
				EAD4D4C31FAAE34C00109CD5 /* Debug */,
				EAD4D4C41FAAE34C00109CD5 /* Release */,
			);
			defaultConfigurationIsVisible = 0;
			defaultConfigurationName = Release;
		};
		EAD4D4C51FAAE34C00109CD5 /* Build configuration list for PBXNativeTarget "InteractivePopVIewContraollerTests" */ = {
			isa = XCConfigurationList;
			buildConfigurations = (
				EAD4D4C61FAAE34C00109CD5 /* Debug */,
				EAD4D4C71FAAE34C00109CD5 /* Release */,
			);
			defaultConfigurationIsVisible = 0;
			defaultConfigurationName = Release;
		};
/* End XCConfigurationList section */
	};
	rootObject = EAD4D49D1FAAE34B00109CD5 /* Project object */;
}
